
Microsoft Visual Studio Solution File, Format Version 12.00
# Visual Studio 15
VisualStudioVersion = 15.0.27004.2005
MinimumVisualStudioVersion = 10.0.40219.1
Project("{FAE04EC0-301F-11D3-BF4B-00C04F79EFBC}") = "BrainfuckInterpreter.VM.Library", "BrainfuckInterpreter.VM.Library\BrainfuckInterpreter.VM.Library.csproj", "{C3A2FC8C-DA58-4327-BE70-133739405BB4}"
EndProject
Project("{FAE04EC0-301F-11D3-BF4B-00C04F79EFBC}") = "BrainfuckInterpreter.VM.Library.Tests", "BrainfuckInterpreter.VM.Library.Tests\BrainfuckInterpreter.VM.Library.Tests.csproj", "{260B386F-D822-4F50-AA9A-8520C4CED157}"
EndProject
Global
	GlobalSection(SolutionConfigurationPlatforms) = preSolution
		Debug|Any CPU = Debug|Any CPU
		Release|Any CPU = Release|Any CPU
	EndGlobalSection
	GlobalSection(ProjectConfigurationPlatforms) = postSolution
		{C3A2FC8C-DA58-4327-BE70-133739405BB4}.Debug|Any CPU.ActiveCfg = Debug|Any CPU
		{C3A2FC8C-DA58-4327-BE70-133739405BB4}.Debug|Any CPU.Build.0 = Debug|Any CPU
		{C3A2FC8C-DA58-4327-BE70-133739405BB4}.Release|Any CPU.ActiveCfg = Release|Any CPU
		{C3A2FC8C-DA58-4327-BE70-133739405BB4}.Release|Any CPU.Build.0 = Release|Any CPU
		{260B386F-D822-4F50-AA9A-8520C4CED157}.Debug|Any CPU.ActiveCfg = Debug|Any CPU
		{260B386F-D822-4F50-AA9A-8520C4CED157}.Debug|Any CPU.Build.0 = Debug|Any CPU
		{260B386F-D822-4F50-AA9A-8520C4CED157}.Release|Any CPU.ActiveCfg = Release|Any CPU
		{260B386F-D822-4F50-AA9A-8520C4CED157}.Release|Any CPU.Build.0 = Release|Any CPU
	EndGlobalSection
	GlobalSection(SolutionProperties) = preSolution
		HideSolutionNode = FALSE
	EndGlobalSection
	GlobalSection(ExtensibilityGlobals) = postSolution
		SolutionGuid = {8FCC9904-B594-4B69-8AFF-7252C523625E}
	EndGlobalSection
EndGlobal
